
Microsoft Visual Studio Solution File, Format Version 12.00
# Visual Studio Version 17
VisualStudioVersion = 17.9.34714.143
MinimumVisualStudioVersion = 10.0.40219.1
Project("{FAE04EC0-301F-11D3-BF4B-00C04F79EFBC}") = "EmployeeManager", "EmployeeManager\EmployeeManager.csproj", "{15014B11-85C6-4AF9-B219-49AA4976B5B6}"
EndProject
Project("{FAE04EC0-301F-11D3-BF4B-00C04F79EFBC}") = "EmployeeManager.Data", "EmployeeManager.Data\EmployeeManager.Data.csproj", "{2BD5D484-00CA-4A0E-BCD0-7D65283264FE}"
EndProject
Project("{FAE04EC0-301F-11D3-BF4B-00C04F79EFBC}") = "EmployeeManager.Business", "EmployeeManager.Business\EmployeeManager.Business.csproj", "{7E9E70A8-2449-4A94-83AE-528EDCCEE4CD}"
EndProject
Global
	GlobalSection(SolutionConfigurationPlatforms) = preSolution
		Debug|Any CPU = Debug|Any CPU
		Release|Any CPU = Release|Any CPU
	EndGlobalSection
	GlobalSection(ProjectConfigurationPlatforms) = postSolution
		{15014B11-85C6-4AF9-B219-49AA4976B5B6}.Debug|Any CPU.ActiveCfg = Debug|Any CPU
		{15014B11-85C6-4AF9-B219-49AA4976B5B6}.Debug|Any CPU.Build.0 = Debug|Any CPU
		{15014B11-85C6-4AF9-B219-49AA4976B5B6}.Release|Any CPU.ActiveCfg = Release|Any CPU
		{15014B11-85C6-4AF9-B219-49AA4976B5B6}.Release|Any CPU.Build.0 = Release|Any CPU
		{2BD5D484-00CA-4A0E-BCD0-7D65283264FE}.Debug|Any CPU.ActiveCfg = Debug|Any CPU
		{2BD5D484-00CA-4A0E-BCD0-7D65283264FE}.Debug|Any CPU.Build.0 = Debug|Any CPU
		{2BD5D484-00CA-4A0E-BCD0-7D65283264FE}.Release|Any CPU.ActiveCfg = Release|Any CPU
		{2BD5D484-00CA-4A0E-BCD0-7D65283264FE}.Release|Any CPU.Build.0 = Release|Any CPU
		{7E9E70A8-2449-4A94-83AE-528EDCCEE4CD}.Debug|Any CPU.ActiveCfg = Debug|Any CPU
		{7E9E70A8-2449-4A94-83AE-528EDCCEE4CD}.Debug|Any CPU.Build.0 = Debug|Any CPU
		{7E9E70A8-2449-4A94-83AE-528EDCCEE4CD}.Release|Any CPU.ActiveCfg = Release|Any CPU
		{7E9E70A8-2449-4A94-83AE-528EDCCEE4CD}.Release|Any CPU.Build.0 = Release|Any CPU
	EndGlobalSection
	GlobalSection(SolutionProperties) = preSolution
		HideSolutionNode = FALSE
	EndGlobalSection
	GlobalSection(ExtensibilityGlobals) = postSolution
		SolutionGuid = {B60E1F12-7EA7-4EC7-AD4A-4A77A479EAF1}
	EndGlobalSection
EndGlobal
